
Microsoft Visual Studio Solution File, Format Version 12.00
# Visual Studio Version 16
VisualStudioVersion = 25.0.1704.0
MinimumVisualStudioVersion = 10.0.40219.1
Project("{FAE04EC0-301F-11D3-BF4B-00C04F79EFBC}") = "MadRiverWeb", "MadRiverWeb.csproj", "{45575B37-F1D8-4848-B1F4-F6E5847C9C84}"
EndProject
Global
	GlobalSection(SolutionConfigurationPlatforms) = preSolution
		Debug|Any CPU = Debug|Any CPU
		Release|Any CPU = Release|Any CPU
	EndGlobalSection
	GlobalSection(ProjectConfigurationPlatforms) = postSolution
		{45575B37-F1D8-4848-B1F4-F6E5847C9C84}.Debug|Any CPU.ActiveCfg = Debug|Any CPU
		{45575B37-F1D8-4848-B1F4-F6E5847C9C84}.Debug|Any CPU.Build.0 = Debug|Any CPU
		{45575B37-F1D8-4848-B1F4-F6E5847C9C84}.Release|Any CPU.ActiveCfg = Release|Any CPU
		{45575B37-F1D8-4848-B1F4-F6E5847C9C84}.Release|Any CPU.Build.0 = Release|Any CPU
	EndGlobalSection
	GlobalSection(SolutionProperties) = preSolution
		HideSolutionNode = FALSE
	EndGlobalSection
	GlobalSection(ExtensibilityGlobals) = postSolution
		SolutionGuid = {196C95F9-0E91-438E-BFED-457B047C905F}
	EndGlobalSection
EndGlobal
